// !$*UTF8*$!
{
	archiveVersion = 1;
	classes = {
	};
	objectVersion = 50;
	objects = {

/* Begin PBXBuildFile section */
		999D1E8624B0BED400A54DF8 /* EmojiMemoryGame.swift in Sources */ = {isa = PBXBuildFile; fileRef = 999D1E8524B0BED400A54DF8 /* EmojiMemoryGame.swift */; };
		99C7058824B09E7E00D69423 /* AppDelegate.swift in Sources */ = {isa = PBXBuildFile; fileRef = 99C7058724B09E7E00D69423 /* AppDelegate.swift */; };
		99C7058A24B09E7E00D69423 /* SceneDelegate.swift in Sources */ = {isa = PBXBuildFile; fileRef = 99C7058924B09E7E00D69423 /* SceneDelegate.swift */; };
		99C7058C24B09E7E00D69423 /* ContentView.swift in Sources */ = {isa = PBXBuildFile; fileRef = 99C7058B24B09E7E00D69423 /* ContentView.swift */; };
		99C7058E24B09E7F00D69423 /* Assets.xcassets in Resources */ = {isa = PBXBuildFile; fileRef = 99C7058D24B09E7F00D69423 /* Assets.xcassets */; };
		99C7059124B09E7F00D69423 /* Preview Assets.xcassets in Resources */ = {isa = PBXBuildFile; fileRef = 99C7059024B09E7F00D69423 /* Preview Assets.xcassets */; };
		99C7059424B09E7F00D69423 /* LaunchScreen.storyboard in Resources */ = {isa = PBXBuildFile; fileRef = 99C7059224B09E7F00D69423 /* LaunchScreen.storyboard */; };
		99C7059C24B0B8B200D69423 /* MemoryGame.swift in Sources */ = {isa = PBXBuildFile; fileRef = 99C7059B24B0B8B200D69423 /* MemoryGame.swift */; };
/* End PBXBuildFile section */

/* Begin PBXFileReference section */
		999D1E8524B0BED400A54DF8 /* EmojiMemoryGame.swift */ = {isa = PBXFileReference; lastKnownFileType = sourcecode.swift; path = EmojiMemoryGame.swift; sourceTree = "<group>"; };
		99C7058424B09E7E00D69423 /* memoria.app */ = {isa = PBXFileReference; explicitFileType = wrapper.application; includeInIndex = 0; path = memoria.app; sourceTree = BUILT_PRODUCTS_DIR; };
		99C7058724B09E7E00D69423 /* AppDelegate.swift */ = {isa = PBXFileReference; lastKnownFileType = sourcecode.swift; path = AppDelegate.swift; sourceTree = "<group>"; };
		99C7058924B09E7E00D69423 /* SceneDelegate.swift */ = {isa = PBXFileReference; lastKnownFileType = sourcecode.swift; path = SceneDelegate.swift; sourceTree = "<group>"; };
		99C7058B24B09E7E00D69423 /* ContentView.swift */ = {isa = PBXFileReference; lastKnownFileType = sourcecode.swift; path = ContentView.swift; sourceTree = "<group>"; };
		99C7058D24B09E7F00D69423 /* Assets.xcassets */ = {isa = PBXFileReference; lastKnownFileType = folder.assetcatalog; path = Assets.xcassets; sourceTree = "<group>"; };
		99C7059024B09E7F00D69423 /* Preview Assets.xcassets */ = {isa = PBXFileReference; lastKnownFileType = folder.assetcatalog; path = "Preview Assets.xcassets"; sourceTree = "<group>"; };
		99C7059324B09E7F00D69423 /* Base */ = {isa = PBXFileReference; lastKnownFileType = file.storyboard; name = Base; path = Base.lproj/LaunchScreen.storyboard; sourceTree = "<group>"; };
		99C7059524B09E7F00D69423 /* Info.plist */ = {isa = PBXFileReference; lastKnownFileType = text.plist.xml; path = Info.plist; sourceTree = "<group>"; };
		99C7059B24B0B8B200D69423 /* MemoryGame.swift */ = {isa = PBXFileReference; lastKnownFileType = sourcecode.swift; path = MemoryGame.swift; sourceTree = "<group>"; };
/* End PBXFileReference section */

/* Begin PBXFrameworksBuildPhase section */
		99C7058124B09E7E00D69423 /* Frameworks */ = {
			isa = PBXFrameworksBuildPhase;
			buildActionMask = 2147483647;
			files = (
			);
			runOnlyForDeploymentPostprocessing = 0;
		};
/* End PBXFrameworksBuildPhase section */

/* Begin PBXGroup section */
		99C7057B24B09E7E00D69423 = {
			isa = PBXGroup;
			children = (
				99C7058624B09E7E00D69423 /* memoria */,
				99C7058524B09E7E00D69423 /* Products */,
			);
			sourceTree = "<group>";
		};
		99C7058524B09E7E00D69423 /* Products */ = {
			isa = PBXGroup;
			children = (
				99C7058424B09E7E00D69423 /* memoria.app */,
			);
			name = Products;
			sourceTree = "<group>";
		};
		99C7058624B09E7E00D69423 /* memoria */ = {
			isa = PBXGroup;
			children = (
				99C7059B24B0B8B200D69423 /* MemoryGame.swift */,
				999D1E8524B0BED400A54DF8 /* EmojiMemoryGame.swift */,
				99C7058724B09E7E00D69423 /* AppDelegate.swift */,
				99C7058924B09E7E00D69423 /* SceneDelegate.swift */,
				99C7058B24B09E7E00D69423 /* ContentView.swift */,
				99C7058D24B09E7F00D69423 /* Assets.xcassets */,
				99C7059224B09E7F00D69423 /* LaunchScreen.storyboard */,
				99C7059524B09E7F00D69423 /* Info.plist */,
				99C7058F24B09E7F00D69423 /* Preview Content */,
			);
			path = memoria;
			sourceTree = "<group>";
		};
		99C7058F24B09E7F00D69423 /* Preview Content */ = {
			isa = PBXGroup;
			children = (
				99C7059024B09E7F00D69423 /* Preview Assets.xcassets */,
			);
			path = "Preview Content";
			sourceTree = "<group>";
		};
/* End PBXGroup section */

/* Begin PBXNativeTarget section */
		99C7058324B09E7E00D69423 /* memoria */ = {
			isa = PBXNativeTarget;
			buildConfigurationList = 99C7059824B09E7F00D69423 /* Build configuration list for PBXNativeTarget "memoria" */;
			buildPhases = (
				99C7058024B09E7E00D69423 /* Sources */,
				99C7058124B09E7E00D69423 /* Frameworks */,
				99C7058224B09E7E00D69423 /* Resources */,
			);
			buildRules = (
			);
			dependencies = (
			);
			name = memoria;
			productName = memoria;
			productReference = 99C7058424B09E7E00D69423 /* memoria.app */;
			productType = "com.apple.product-type.application";
		};
/* End PBXNativeTarget section */

/* Begin PBXProject section */
		99C7057C24B09E7E00D69423 /* Project object */ = {
			isa = PBXProject;
			attributes = {
				LastSwiftUpdateCheck = 1150;
				LastUpgradeCheck = 1150;
				TargetAttributes = {
					99C7058324B09E7E00D69423 = {
						CreatedOnToolsVersion = 11.5;
					};
				};
			};
			buildConfigurationList = 99C7057F24B09E7E00D69423 /* Build configuration list for PBXProject "memoria" */;
			compatibilityVersion = "Xcode 9.3";
			developmentRegion = en;
			hasScannedForEncodings = 0;
			knownRegions = (
				en,
				Base,
			);
			mainGroup = 99C7057B24B09E7E00D69423;
			productRefGroup = 99C7058524B09E7E00D69423 /* Products */;
			projectDirPath = "";
			projectRoot = "";
			targets = (
				99C7058324B09E7E00D69423 /* memoria */,
			);
		};
/* End PBXProject section */

/* Begin PBXResourcesBuildPhase section */
		99C7058224B09E7E00D69423 /* Resources */ = {
			isa = PBXResourcesBuildPhase;
			buildActionMask = 2147483647;
			files = (
				99C7059424B09E7F00D69423 /* LaunchScreen.storyboard in Resources */,
				99C7059124B09E7F00D69423 /* Preview Assets.xcassets in Resources */,
				99C7058E24B09E7F00D69423 /* Assets.xcassets in Resources */,
			);
			runOnlyForDeploymentPostprocessing = 0;
		};
/* End PBXResourcesBuildPhase section */

/* Begin PBXSourcesBuildPhase section */
		99C7058024B09E7E00D69423 /* Sources */ = {
			isa = PBXSourcesBuildPhase;
			buildActionMask = 2147483647;
			files = (
				99C7058824B09E7E00D69423 /* AppDelegate.swift in Sources */,
				99C7058A24B09E7E00D69423 /* SceneDelegate.swift in Sources */,
				99C7059C24B0B8B200D69423 /* MemoryGame.swift in Sources */,
				99C7058C24B09E7E00D69423 /* ContentView.swift in Sources */,
				999D1E8624B0BED400A54DF8 /* EmojiMemoryGame.swift in Sources */,
			);
			runOnlyForDeploymentPostprocessing = 0;
		};
/* End PBXSourcesBuildPhase section */

/* Begin PBXVariantGroup section */
		99C7059224B09E7F00D69423 /* LaunchScreen.storyboard */ = {
			isa = PBXVariantGroup;
			children = (
				99C7059324B09E7F00D69423 /* Base */,
			);
			name = LaunchScreen.storyboard;
			sourceTree = "<group>";
		};
/* End PBXVariantGroup section */

/* Begin XCBuildConfiguration section */
		99C7059624B09E7F00D69423 /* Debug */ = {
			isa = XCBuildConfiguration;
			buildSettings = {
				ALWAYS_SEARCH_USER_PATHS = NO;
				CLANG_ANALYZER_NONNULL = YES;
				CLANG_ANALYZER_NUMBER_OBJECT_CONVERSION = YES_AGGRESSIVE;
				CLANG_CXX_LANGUAGE_STANDARD = "gnu++14";
				CLANG_CXX_LIBRARY = "libc++";
				CLANG_ENABLE_MODULES = YES;
				CLANG_ENABLE_OBJC_ARC = YES;
				CLANG_ENABLE_OBJC_WEAK = YES;
				CLANG_WARN_BLOCK_CAPTURE_AUTORELEASING = YES;
				CLANG_WARN_BOOL_CONVERSION = YES;
				CLANG_WARN_COMMA = YES;
				CLANG_WARN_CONSTANT_CONVERSION = YES;
				CLANG_WARN_DEPRECATED_OBJC_IMPLEMENTATIONS = YES;
				CLANG_WARN_DIRECT_OBJC_ISA_USAGE = YES_ERROR;
				CLANG_WARN_DOCUMENTATION_COMMENTS = YES;
				CLANG_WARN_EMPTY_BODY = YES;
				CLANG_WARN_ENUM_CONVERSION = YES;
				CLANG_WARN_INFINITE_RECURSION = YES;
				CLANG_WARN_INT_CONVERSION = YES;
				CLANG_WARN_NON_LITERAL_NULL_CONVERSION = YES;
				CLANG_WARN_OBJC_IMPLICIT_RETAIN_SELF = YES;
				CLANG_WARN_OBJC_LITERAL_CONVERSION = YES;
				CLANG_WARN_OBJC_ROOT_CLASS = YES_ERROR;
				CLANG_WARN_RANGE_LOOP_ANALYSIS = YES;
				CLANG_WARN_STRICT_PROTOTYPES = YES;
				CLANG_WARN_SUSPICIOUS_MOVE = YES;
				CLANG_WARN_UNGUARDED_AVAILABILITY = YES_AGGRESSIVE;
				CLANG_WARN_UNREACHABLE_CODE = YES;
				CLANG_WARN__DUPLICATE_METHOD_MATCH = YES;
				COPY_PHASE_STRIP = NO;
				DEBUG_INFORMATION_FORMAT = dwarf;
				ENABLE_STRICT_OBJC_MSGSEND = YES;
				ENABLE_TESTABILITY = YES;
				GCC_C_LANGUAGE_STANDARD = gnu11;
				GCC_DYNAMIC_NO_PIC = NO;
				GCC_NO_COMMON_BLOCKS = YES;
				GCC_OPTIMIZATION_LEVEL = 0;
				GCC_PREPROCESSOR_DEFINITIONS = (
					"DEBUG=1",
					"$(inherited)",
				);
				GCC_WARN_64_TO_32_BIT_CONVERSION = YES;
				GCC_WARN_ABOUT_RETURN_TYPE = YES_ERROR;
				GCC_WARN_UNDECLARED_SELECTOR = YES;
				GCC_WARN_UNINITIALIZED_AUTOS = YES_AGGRESSIVE;
				GCC_WARN_UNUSED_FUNCTION = YES;
				GCC_WARN_UNUSED_VARIABLE = YES;
				IPHONEOS_DEPLOYMENT_TARGET = 13.5;
				MTL_ENABLE_DEBUG_INFO = INCLUDE_SOURCE;
				MTL_FAST_MATH = YES;
				ONLY_ACTIVE_ARCH = YES;
				SDKROOT = iphoneos;
				SWIFT_ACTIVE_COMPILATION_CONDITIONS = DEBUG;
				SWIFT_OPTIMIZATION_LEVEL = "-Onone";
			};
			name = Debug;
		};
		99C7059724B09E7F00D69423 /* Release */ = {
			isa = XCBuildConfiguration;
			buildSettings = {
				ALWAYS_SEARCH_USER_PATHS = NO;
				CLANG_ANALYZER_NONNULL = YES;
				CLANG_ANALYZER_NUMBER_OBJECT_CONVERSION = YES_AGGRESSIVE;
				CLANG_CXX_LANGUAGE_STANDARD = "gnu++14";
				CLANG_CXX_LIBRARY = "libc++";
				CLANG_ENABLE_MODULES = YES;
				CLANG_ENABLE_OBJC_ARC = YES;
				CLANG_ENABLE_OBJC_WEAK = YES;
				CLANG_WARN_BLOCK_CAPTURE_AUTORELEASING = YES;
				CLANG_WARN_BOOL_CONVERSION = YES;
				CLANG_WARN_COMMA = YES;
				CLANG_WARN_CONSTANT_CONVERSION = YES;
				CLANG_WARN_DEPRECATED_OBJC_IMPLEMENTATIONS = YES;
				CLANG_WARN_DIRECT_OBJC_ISA_USAGE = YES_ERROR;
				CLANG_WARN_DOCUMENTATION_COMMENTS = YES;
				CLANG_WARN_EMPTY_BODY = YES;
				CLANG_WARN_ENUM_CONVERSION = YES;
				CLANG_WARN_INFINITE_RECURSION = YES;
				CLANG_WARN_INT_CONVERSION = YES;
				CLANG_WARN_NON_LITERAL_NULL_CONVERSION = YES;
				CLANG_WARN_OBJC_IMPLICIT_RETAIN_SELF = YES;
				CLANG_WARN_OBJC_LITERAL_CONVERSION = YES;
				CLANG_WARN_OBJC_ROOT_CLASS = YES_ERROR;
				CLANG_WARN_RANGE_LOOP_ANALYSIS = YES;
				CLANG_WARN_STRICT_PROTOTYPES = YES;
				CLANG_WARN_SUSPICIOUS_MOVE = YES;
				CLANG_WARN_UNGUARDED_AVAILABILITY = YES_AGGRESSIVE;
				CLANG_WARN_UNREACHABLE_CODE = YES;
				CLANG_WARN__DUPLICATE_METHOD_MATCH = YES;
				COPY_PHASE_STRIP = NO;
				DEBUG_INFORMATION_FORMAT = "dwarf-with-dsym";
				ENABLE_NS_ASSERTIONS = NO;
				ENABLE_STRICT_OBJC_MSGSEND = YES;
				GCC_C_LANGUAGE_STANDARD = gnu11;
				GCC_NO_COMMON_BLOCKS = YES;
				GCC_WARN_64_TO_32_BIT_CONVERSION = YES;
				GCC_WARN_ABOUT_RETURN_TYPE = YES_ERROR;
				GCC_WARN_UNDECLARED_SELECTOR = YES;
				GCC_WARN_UNINITIALIZED_AUTOS = YES_AGGRESSIVE;
				GCC_WARN_UNUSED_FUNCTION = YES;
				GCC_WARN_UNUSED_VARIABLE = YES;
				IPHONEOS_DEPLOYMENT_TARGET = 13.5;
				MTL_ENABLE_DEBUG_INFO = NO;
				MTL_FAST_MATH = YES;
				SDKROOT = iphoneos;
				SWIFT_COMPILATION_MODE = wholemodule;
				SWIFT_OPTIMIZATION_LEVEL = "-O";
				VALIDATE_PRODUCT = YES;
			};
			name = Release;
		};
		99C7059924B09E7F00D69423 /* Debug */ = {
			isa = XCBuildConfiguration;
			buildSettings = {
				ASSETCATALOG_COMPILER_APPICON_NAME = AppIcon;
				CODE_SIGN_STYLE = Automatic;
				DEVELOPMENT_ASSET_PATHS = "\"memoria/Preview Content\"";
				ENABLE_PREVIEWS = YES;
				INFOPLIST_FILE = memoria/Info.plist;
				LD_RUNPATH_SEARCH_PATHS = (
					"$(inherited)",
					"@executable_path/Frameworks",
				);
				PRODUCT_BUNDLE_IDENTIFIER = "com.rahn-rafael.memoria";
				PRODUCT_NAME = "$(TARGET_NAME)";
				SWIFT_VERSION = 5.0;
				TARGETED_DEVICE_FAMILY = "1,2";
			};
			name = Debug;
		};
		99C7059A24B09E7F00D69423 /* Release */ = {
			isa = XCBuildConfiguration;
			buildSettings = {
				ASSETCATALOG_COMPILER_APPICON_NAME = AppIcon;
				CODE_SIGN_STYLE = Automatic;
				DEVELOPMENT_ASSET_PATHS = "\"memoria/Preview Content\"";
				ENABLE_PREVIEWS = YES;
				INFOPLIST_FILE = memoria/Info.plist;
				LD_RUNPATH_SEARCH_PATHS = (
					"$(inherited)",
					"@executable_path/Frameworks",
				);
				PRODUCT_BUNDLE_IDENTIFIER = "com.rahn-rafael.memoria";
				PRODUCT_NAME = "$(TARGET_NAME)";
				SWIFT_VERSION = 5.0;
				TARGETED_DEVICE_FAMILY = "1,2";
			};
			name = Release;
		};
/* End XCBuildConfiguration section */

/* Begin XCConfigurationList section */
		99C7057F24B09E7E00D69423 /* Build configuration list for PBXProject "memoria" */ = {
			isa = XCConfigurationList;
			buildConfigurations = (
				99C7059624B09E7F00D69423 /* Debug */,
				99C7059724B09E7F00D69423 /* Release */,
			);
			defaultConfigurationIsVisible = 0;
			defaultConfigurationName = Release;
		};
		99C7059824B09E7F00D69423 /* Build configuration list for PBXNativeTarget "memoria" */ = {
			isa = XCConfigurationList;
			buildConfigurations = (
				99C7059924B09E7F00D69423 /* Debug */,
				99C7059A24B09E7F00D69423 /* Release */,
			);
			defaultConfigurationIsVisible = 0;
			defaultConfigurationName = Release;
		};
/* End XCConfigurationList section */
	};
	rootObject = 99C7057C24B09E7E00D69423 /* Project object */;
}
